// !$*UTF8*$!
{
	archiveVersion = 1;
	classes = {
	};
	objectVersion = 48;
	objects = {

/* Begin PBXBuildFile section */
		02066A061FCE5E49000851C8 /* AppDelegate.swift in Sources */ = {isa = PBXBuildFile; fileRef = 02066A051FCE5E49000851C8 /* AppDelegate.swift */; };
		02066A081FCE5E49000851C8 /* ViewController.swift in Sources */ = {isa = PBXBuildFile; fileRef = 02066A071FCE5E49000851C8 /* ViewController.swift */; };
		02066A0B1FCE5E49000851C8 /* Main.storyboard in Resources */ = {isa = PBXBuildFile; fileRef = 02066A091FCE5E49000851C8 /* Main.storyboard */; };
		02066A0D1FCE5E49000851C8 /* Assets.xcassets in Resources */ = {isa = PBXBuildFile; fileRef = 02066A0C1FCE5E49000851C8 /* Assets.xcassets */; };
		02066A101FCE5E49000851C8 /* LaunchScreen.storyboard in Resources */ = {isa = PBXBuildFile; fileRef = 02066A0E1FCE5E49000851C8 /* LaunchScreen.storyboard */; };
		0212AB171FD31D8E006088C2 /* AboutVC.swift in Sources */ = {isa = PBXBuildFile; fileRef = 0212AB161FD31D8E006088C2 /* AboutVC.swift */; };
		0212AB191FD32320006088C2 /* EducationVC.swift in Sources */ = {isa = PBXBuildFile; fileRef = 0212AB181FD32320006088C2 /* EducationVC.swift */; };
		0212AB1B1FD323ED006088C2 /* SkillsVC.swift in Sources */ = {isa = PBXBuildFile; fileRef = 0212AB1A1FD323ED006088C2 /* SkillsVC.swift */; };
		0212AB1D1FD32420006088C2 /* ContactVC.swift in Sources */ = {isa = PBXBuildFile; fileRef = 0212AB1C1FD32420006088C2 /* ContactVC.swift */; };
		0212AB1F1FD326F1006088C2 /* ExperienceVC.swift in Sources */ = {isa = PBXBuildFile; fileRef = 0212AB1E1FD326F1006088C2 /* ExperienceVC.swift */; };
		0212AB211FD329E3006088C2 /* ActivityVC.swift in Sources */ = {isa = PBXBuildFile; fileRef = 0212AB201FD329E3006088C2 /* ActivityVC.swift */; };
		0212AB231FD32A5B006088C2 /* GraphicDesignVC.swift in Sources */ = {isa = PBXBuildFile; fileRef = 0212AB221FD32A5B006088C2 /* GraphicDesignVC.swift */; };
		0212AB251FD32BA5006088C2 /* BlogsVC.swift in Sources */ = {isa = PBXBuildFile; fileRef = 0212AB241FD32BA5006088C2 /* BlogsVC.swift */; };
		0212AB271FD3573C006088C2 /* ExperienceDetailVC.swift in Sources */ = {isa = PBXBuildFile; fileRef = 0212AB261FD3573C006088C2 /* ExperienceDetailVC.swift */; };
		024247021FD37F3D002B7D8B /* ActivityDetailVC.swift in Sources */ = {isa = PBXBuildFile; fileRef = 024247011FD37F3D002B7D8B /* ActivityDetailVC.swift */; };
		02A989C31FD47DEC0003B871 /* BlogsDetailVC.swift in Sources */ = {isa = PBXBuildFile; fileRef = 02A989C21FD47DEC0003B871 /* BlogsDetailVC.swift */; };
		02A989C51FD4FD060003B871 /* GraphicCell.swift in Sources */ = {isa = PBXBuildFile; fileRef = 02A989C41FD4FD060003B871 /* GraphicCell.swift */; };
		2148B81CE24956607A5BC414 /* Pods_Personal_Portfolio_App.framework in Frameworks */ = {isa = PBXBuildFile; fileRef = 2529517CED138233DA3D242C /* Pods_Personal_Portfolio_App.framework */; };
/* End PBXBuildFile section */

/* Begin PBXFileReference section */
		02066A021FCE5E48000851C8 /* Personal Portfolio App.app */ = {isa = PBXFileReference; explicitFileType = wrapper.application; includeInIndex = 0; path = "Personal Portfolio App.app"; sourceTree = BUILT_PRODUCTS_DIR; };
		02066A051FCE5E49000851C8 /* AppDelegate.swift */ = {isa = PBXFileReference; lastKnownFileType = sourcecode.swift; path = AppDelegate.swift; sourceTree = "<group>"; };
		02066A071FCE5E49000851C8 /* ViewController.swift */ = {isa = PBXFileReference; lastKnownFileType = sourcecode.swift; path = ViewController.swift; sourceTree = "<group>"; };
		02066A0A1FCE5E49000851C8 /* Base */ = {isa = PBXFileReference; lastKnownFileType = file.storyboard; name = Base; path = Base.lproj/Main.storyboard; sourceTree = "<group>"; };
		02066A0C1FCE5E49000851C8 /* Assets.xcassets */ = {isa = PBXFileReference; lastKnownFileType = folder.assetcatalog; path = Assets.xcassets; sourceTree = "<group>"; };
		02066A0F1FCE5E49000851C8 /* Base */ = {isa = PBXFileReference; lastKnownFileType = file.storyboard; name = Base; path = Base.lproj/LaunchScreen.storyboard; sourceTree = "<group>"; };
		02066A111FCE5E49000851C8 /* Info.plist */ = {isa = PBXFileReference; lastKnownFileType = text.plist.xml; path = Info.plist; sourceTree = "<group>"; };
		0212AB161FD31D8E006088C2 /* AboutVC.swift */ = {isa = PBXFileReference; lastKnownFileType = sourcecode.swift; path = AboutVC.swift; sourceTree = "<group>"; };
		0212AB181FD32320006088C2 /* EducationVC.swift */ = {isa = PBXFileReference; lastKnownFileType = sourcecode.swift; path = EducationVC.swift; sourceTree = "<group>"; };
		0212AB1A1FD323ED006088C2 /* SkillsVC.swift */ = {isa = PBXFileReference; lastKnownFileType = sourcecode.swift; path = SkillsVC.swift; sourceTree = "<group>"; };
		0212AB1C1FD32420006088C2 /* ContactVC.swift */ = {isa = PBXFileReference; lastKnownFileType = sourcecode.swift; path = ContactVC.swift; sourceTree = "<group>"; };
		0212AB1E1FD326F1006088C2 /* ExperienceVC.swift */ = {isa = PBXFileReference; lastKnownFileType = sourcecode.swift; path = ExperienceVC.swift; sourceTree = "<group>"; };
		0212AB201FD329E3006088C2 /* ActivityVC.swift */ = {isa = PBXFileReference; lastKnownFileType = sourcecode.swift; path = ActivityVC.swift; sourceTree = "<group>"; };
		0212AB221FD32A5B006088C2 /* GraphicDesignVC.swift */ = {isa = PBXFileReference; lastKnownFileType = sourcecode.swift; path = GraphicDesignVC.swift; sourceTree = "<group>"; };
		0212AB241FD32BA5006088C2 /* BlogsVC.swift */ = {isa = PBXFileReference; lastKnownFileType = sourcecode.swift; path = BlogsVC.swift; sourceTree = "<group>"; };
		0212AB261FD3573C006088C2 /* ExperienceDetailVC.swift */ = {isa = PBXFileReference; lastKnownFileType = sourcecode.swift; path = ExperienceDetailVC.swift; sourceTree = "<group>"; };
		024247011FD37F3D002B7D8B /* ActivityDetailVC.swift */ = {isa = PBXFileReference; lastKnownFileType = sourcecode.swift; path = ActivityDetailVC.swift; sourceTree = "<group>"; };
		02A989C21FD47DEC0003B871 /* BlogsDetailVC.swift */ = {isa = PBXFileReference; lastKnownFileType = sourcecode.swift; path = BlogsDetailVC.swift; sourceTree = "<group>"; };
		02A989C41FD4FD060003B871 /* GraphicCell.swift */ = {isa = PBXFileReference; lastKnownFileType = sourcecode.swift; path = GraphicCell.swift; sourceTree = "<group>"; };
		2529517CED138233DA3D242C /* Pods_Personal_Portfolio_App.framework */ = {isa = PBXFileReference; explicitFileType = wrapper.framework; includeInIndex = 0; path = Pods_Personal_Portfolio_App.framework; sourceTree = BUILT_PRODUCTS_DIR; };
		99D2BF6775B5D7BEC34B3B38 /* Pods-Personal Portfolio App.release.xcconfig */ = {isa = PBXFileReference; includeInIndex = 1; lastKnownFileType = text.xcconfig; name = "Pods-Personal Portfolio App.release.xcconfig"; path = "Pods/Target Support Files/Pods-Personal Portfolio App/Pods-Personal Portfolio App.release.xcconfig"; sourceTree = "<group>"; };
		A194D9B082A76141A106B61A /* Pods-Personal Portfolio App.debug.xcconfig */ = {isa = PBXFileReference; includeInIndex = 1; lastKnownFileType = text.xcconfig; name = "Pods-Personal Portfolio App.debug.xcconfig"; path = "Pods/Target Support Files/Pods-Personal Portfolio App/Pods-Personal Portfolio App.debug.xcconfig"; sourceTree = "<group>"; };
/* End PBXFileReference section */

/* Begin PBXFrameworksBuildPhase section */
		020669FF1FCE5E48000851C8 /* Frameworks */ = {
			isa = PBXFrameworksBuildPhase;
			buildActionMask = 2147483647;
			files = (
				2148B81CE24956607A5BC414 /* Pods_Personal_Portfolio_App.framework in Frameworks */,
			);
			runOnlyForDeploymentPostprocessing = 0;
		};
/* End PBXFrameworksBuildPhase section */

/* Begin PBXGroup section */
		020669F91FCE5E48000851C8 = {
			isa = PBXGroup;
			children = (
				02066A041FCE5E48000851C8 /* Personal Portfolio App */,
				02066A031FCE5E48000851C8 /* Products */,
				7E0BB32F4DDF477CC6910A49 /* Pods */,
				4B20649BBB3110E83A63905F /* Frameworks */,
			);
			sourceTree = "<group>";
		};
		02066A031FCE5E48000851C8 /* Products */ = {
			isa = PBXGroup;
			children = (
				02066A021FCE5E48000851C8 /* Personal Portfolio App.app */,
			);
			name = Products;
			sourceTree = "<group>";
		};
		02066A041FCE5E48000851C8 /* Personal Portfolio App */ = {
			isa = PBXGroup;
			children = (
				02066A051FCE5E49000851C8 /* AppDelegate.swift */,
				02066A071FCE5E49000851C8 /* ViewController.swift */,
				0212AB161FD31D8E006088C2 /* AboutVC.swift */,
				0212AB181FD32320006088C2 /* EducationVC.swift */,
				0212AB1A1FD323ED006088C2 /* SkillsVC.swift */,
				0212AB1C1FD32420006088C2 /* ContactVC.swift */,
				0212AB1E1FD326F1006088C2 /* ExperienceVC.swift */,
				0212AB261FD3573C006088C2 /* ExperienceDetailVC.swift */,
				0212AB201FD329E3006088C2 /* ActivityVC.swift */,
				024247011FD37F3D002B7D8B /* ActivityDetailVC.swift */,
				0212AB241FD32BA5006088C2 /* BlogsVC.swift */,
				02A989C21FD47DEC0003B871 /* BlogsDetailVC.swift */,
				0212AB221FD32A5B006088C2 /* GraphicDesignVC.swift */,
				02A989C41FD4FD060003B871 /* GraphicCell.swift */,
				02066A091FCE5E49000851C8 /* Main.storyboard */,
				02066A0C1FCE5E49000851C8 /* Assets.xcassets */,
				02066A0E1FCE5E49000851C8 /* LaunchScreen.storyboard */,
				02066A111FCE5E49000851C8 /* Info.plist */,
			);
			path = "Personal Portfolio App";
			sourceTree = "<group>";
		};
		4B20649BBB3110E83A63905F /* Frameworks */ = {
			isa = PBXGroup;
			children = (
				2529517CED138233DA3D242C /* Pods_Personal_Portfolio_App.framework */,
			);
			name = Frameworks;
			sourceTree = "<group>";
		};
		7E0BB32F4DDF477CC6910A49 /* Pods */ = {
			isa = PBXGroup;
			children = (
				A194D9B082A76141A106B61A /* Pods-Personal Portfolio App.debug.xcconfig */,
				99D2BF6775B5D7BEC34B3B38 /* Pods-Personal Portfolio App.release.xcconfig */,
			);
			name = Pods;
			sourceTree = "<group>";
		};
/* End PBXGroup section */

/* Begin PBXNativeTarget section */
		02066A011FCE5E48000851C8 /* Personal Portfolio App */ = {
			isa = PBXNativeTarget;
			buildConfigurationList = 02066A141FCE5E49000851C8 /* Build configuration list for PBXNativeTarget "Personal Portfolio App" */;
			buildPhases = (
				CFB844A07DE51646BDA2989A /* [CP] Check Pods Manifest.lock */,
				020669FE1FCE5E48000851C8 /* Sources */,
				020669FF1FCE5E48000851C8 /* Frameworks */,
				02066A001FCE5E48000851C8 /* Resources */,
				B6B4C27FC2AAF71A96558D21 /* [CP] Embed Pods Frameworks */,
				F808F1031F3D5FA9BD5555AF /* [CP] Copy Pods Resources */,
			);
			buildRules = (
			);
			dependencies = (
			);
			name = "Personal Portfolio App";
			productName = "Personal Portfolio App";
			productReference = 02066A021FCE5E48000851C8 /* Personal Portfolio App.app */;
			productType = "com.apple.product-type.application";
		};
/* End PBXNativeTarget section */

/* Begin PBXProject section */
		020669FA1FCE5E48000851C8 /* Project object */ = {
			isa = PBXProject;
			attributes = {
				LastSwiftUpdateCheck = 0910;
				LastUpgradeCheck = 0910;
				ORGANIZATIONNAME = Katie;
				TargetAttributes = {
					02066A011FCE5E48000851C8 = {
						CreatedOnToolsVersion = 9.1;
						ProvisioningStyle = Automatic;
					};
				};
			};
			buildConfigurationList = 020669FD1FCE5E48000851C8 /* Build configuration list for PBXProject "Personal Portfolio App" */;
			compatibilityVersion = "Xcode 8.0";
			developmentRegion = en;
			hasScannedForEncodings = 0;
			knownRegions = (
				en,
				Base,
			);
			mainGroup = 020669F91FCE5E48000851C8;
			productRefGroup = 02066A031FCE5E48000851C8 /* Products */;
			projectDirPath = "";
			projectRoot = "";
			targets = (
				02066A011FCE5E48000851C8 /* Personal Portfolio App */,
			);
		};
/* End PBXProject section */

/* Begin PBXResourcesBuildPhase section */
		02066A001FCE5E48000851C8 /* Resources */ = {
			isa = PBXResourcesBuildPhase;
			buildActionMask = 2147483647;
			files = (
				02066A101FCE5E49000851C8 /* LaunchScreen.storyboard in Resources */,
				02066A0D1FCE5E49000851C8 /* Assets.xcassets in Resources */,
				02066A0B1FCE5E49000851C8 /* Main.storyboard in Resources */,
			);
			runOnlyForDeploymentPostprocessing = 0;
		};
/* End PBXResourcesBuildPhase section */

/* Begin PBXShellScriptBuildPhase section */
		B6B4C27FC2AAF71A96558D21 /* [CP] Embed Pods Frameworks */ = {
			isa = PBXShellScriptBuildPhase;
			buildActionMask = 2147483647;
			files = (
			);
			inputPaths = (
				"${SRCROOT}/Pods/Target Support Files/Pods-Personal Portfolio App/Pods-Personal Portfolio App-frameworks.sh",
				"${BUILT_PRODUCTS_DIR}/DKImagePickerController/DKImagePickerController.framework",
			);
			name = "[CP] Embed Pods Frameworks";
			outputPaths = (
				"${TARGET_BUILD_DIR}/${FRAMEWORKS_FOLDER_PATH}/DKImagePickerController.framework",
			);
			runOnlyForDeploymentPostprocessing = 0;
			shellPath = /bin/sh;
			shellScript = "\"${SRCROOT}/Pods/Target Support Files/Pods-Personal Portfolio App/Pods-Personal Portfolio App-frameworks.sh\"\n";
			showEnvVarsInLog = 0;
		};
		CFB844A07DE51646BDA2989A /* [CP] Check Pods Manifest.lock */ = {
			isa = PBXShellScriptBuildPhase;
			buildActionMask = 2147483647;
			files = (
			);
			inputPaths = (
				"${PODS_PODFILE_DIR_PATH}/Podfile.lock",
				"${PODS_ROOT}/Manifest.lock",
			);
			name = "[CP] Check Pods Manifest.lock";
			outputPaths = (
				"$(DERIVED_FILE_DIR)/Pods-Personal Portfolio App-checkManifestLockResult.txt",
			);
			runOnlyForDeploymentPostprocessing = 0;
			shellPath = /bin/sh;
			shellScript = "diff \"${PODS_PODFILE_DIR_PATH}/Podfile.lock\" \"${PODS_ROOT}/Manifest.lock\" > /dev/null\nif [ $? != 0 ] ; then\n    # print error to STDERR\n    echo \"error: The sandbox is not in sync with the Podfile.lock. Run 'pod install' or update your CocoaPods installation.\" >&2\n    exit 1\nfi\n# This output is used by Xcode 'outputs' to avoid re-running this script phase.\necho \"SUCCESS\" > \"${SCRIPT_OUTPUT_FILE_0}\"\n";
			showEnvVarsInLog = 0;
		};
		F808F1031F3D5FA9BD5555AF /* [CP] Copy Pods Resources */ = {
			isa = PBXShellScriptBuildPhase;
			buildActionMask = 2147483647;
			files = (
			);
			inputPaths = (
			);
			name = "[CP] Copy Pods Resources";
			outputPaths = (
			);
			runOnlyForDeploymentPostprocessing = 0;
			shellPath = /bin/sh;
			shellScript = "\"${SRCROOT}/Pods/Target Support Files/Pods-Personal Portfolio App/Pods-Personal Portfolio App-resources.sh\"\n";
			showEnvVarsInLog = 0;
		};
/* End PBXShellScriptBuildPhase section */

/* Begin PBXSourcesBuildPhase section */
		020669FE1FCE5E48000851C8 /* Sources */ = {
			isa = PBXSourcesBuildPhase;
			buildActionMask = 2147483647;
			files = (
				02A989C51FD4FD060003B871 /* GraphicCell.swift in Sources */,
				0212AB271FD3573C006088C2 /* ExperienceDetailVC.swift in Sources */,
				02066A081FCE5E49000851C8 /* ViewController.swift in Sources */,
				0212AB211FD329E3006088C2 /* ActivityVC.swift in Sources */,
				0212AB231FD32A5B006088C2 /* GraphicDesignVC.swift in Sources */,
				0212AB191FD32320006088C2 /* EducationVC.swift in Sources */,
				02066A061FCE5E49000851C8 /* AppDelegate.swift in Sources */,
				0212AB1D1FD32420006088C2 /* ContactVC.swift in Sources */,
				0212AB1B1FD323ED006088C2 /* SkillsVC.swift in Sources */,
				0212AB1F1FD326F1006088C2 /* ExperienceVC.swift in Sources */,
				0212AB251FD32BA5006088C2 /* BlogsVC.swift in Sources */,
				02A989C31FD47DEC0003B871 /* BlogsDetailVC.swift in Sources */,
				024247021FD37F3D002B7D8B /* ActivityDetailVC.swift in Sources */,
				0212AB171FD31D8E006088C2 /* AboutVC.swift in Sources */,
			);
			runOnlyForDeploymentPostprocessing = 0;
		};
/* End PBXSourcesBuildPhase section */

/* Begin PBXVariantGroup section */
		02066A091FCE5E49000851C8 /* Main.storyboard */ = {
			isa = PBXVariantGroup;
			children = (
				02066A0A1FCE5E49000851C8 /* Base */,
			);
			name = Main.storyboard;
			sourceTree = "<group>";
		};
		02066A0E1FCE5E49000851C8 /* LaunchScreen.storyboard */ = {
			isa = PBXVariantGroup;
			children = (
				02066A0F1FCE5E49000851C8 /* Base */,
			);
			name = LaunchScreen.storyboard;
			sourceTree = "<group>";
		};
/* End PBXVariantGroup section */

/* Begin XCBuildConfiguration section */
		02066A121FCE5E49000851C8 /* Debug */ = {
			isa = XCBuildConfiguration;
			buildSettings = {
				ALWAYS_SEARCH_USER_PATHS = NO;
				CLANG_ANALYZER_NONNULL = YES;
				CLANG_ANALYZER_NUMBER_OBJECT_CONVERSION = YES_AGGRESSIVE;
				CLANG_CXX_LANGUAGE_STANDARD = "gnu++14";
				CLANG_CXX_LIBRARY = "libc++";
				CLANG_ENABLE_MODULES = YES;
				CLANG_ENABLE_OBJC_ARC = YES;
				CLANG_WARN_BLOCK_CAPTURE_AUTORELEASING = YES;
				CLANG_WARN_BOOL_CONVERSION = YES;
				CLANG_WARN_COMMA = YES;
				CLANG_WARN_CONSTANT_CONVERSION = YES;
				CLANG_WARN_DIRECT_OBJC_ISA_USAGE = YES_ERROR;
				CLANG_WARN_DOCUMENTATION_COMMENTS = YES;
				CLANG_WARN_EMPTY_BODY = YES;
				CLANG_WARN_ENUM_CONVERSION = YES;
				CLANG_WARN_INFINITE_RECURSION = YES;
				CLANG_WARN_INT_CONVERSION = YES;
				CLANG_WARN_NON_LITERAL_NULL_CONVERSION = YES;
				CLANG_WARN_OBJC_LITERAL_CONVERSION = YES;
				CLANG_WARN_OBJC_ROOT_CLASS = YES_ERROR;
				CLANG_WARN_RANGE_LOOP_ANALYSIS = YES;
				CLANG_WARN_STRICT_PROTOTYPES = YES;
				CLANG_WARN_SUSPICIOUS_MOVE = YES;
				CLANG_WARN_UNGUARDED_AVAILABILITY = YES_AGGRESSIVE;
				CLANG_WARN_UNREACHABLE_CODE = YES;
				CLANG_WARN__DUPLICATE_METHOD_MATCH = YES;
				CODE_SIGN_IDENTITY = "iPhone Developer";
				COPY_PHASE_STRIP = NO;
				DEBUG_INFORMATION_FORMAT = dwarf;
				ENABLE_STRICT_OBJC_MSGSEND = YES;
				ENABLE_TESTABILITY = YES;
				GCC_C_LANGUAGE_STANDARD = gnu11;
				GCC_DYNAMIC_NO_PIC = NO;
				GCC_NO_COMMON_BLOCKS = YES;
				GCC_OPTIMIZATION_LEVEL = 0;
				GCC_PREPROCESSOR_DEFINITIONS = (
					"DEBUG=1",
					"$(inherited)",
				);
				GCC_WARN_64_TO_32_BIT_CONVERSION = YES;
				GCC_WARN_ABOUT_RETURN_TYPE = YES_ERROR;
				GCC_WARN_UNDECLARED_SELECTOR = YES;
				GCC_WARN_UNINITIALIZED_AUTOS = YES_AGGRESSIVE;
				GCC_WARN_UNUSED_FUNCTION = YES;
				GCC_WARN_UNUSED_VARIABLE = YES;
				IPHONEOS_DEPLOYMENT_TARGET = 11.1;
				MTL_ENABLE_DEBUG_INFO = YES;
				ONLY_ACTIVE_ARCH = YES;
				SDKROOT = iphoneos;
				SWIFT_ACTIVE_COMPILATION_CONDITIONS = DEBUG;
				SWIFT_OPTIMIZATION_LEVEL = "-Onone";
			};
			name = Debug;
		};
		02066A131FCE5E49000851C8 /* Release */ = {
			isa = XCBuildConfiguration;
			buildSettings = {
				ALWAYS_SEARCH_USER_PATHS = NO;
				CLANG_ANALYZER_NONNULL = YES;
				CLANG_ANALYZER_NUMBER_OBJECT_CONVERSION = YES_AGGRESSIVE;
				CLANG_CXX_LANGUAGE_STANDARD = "gnu++14";
				CLANG_CXX_LIBRARY = "libc++";
				CLANG_ENABLE_MODULES = YES;
				CLANG_ENABLE_OBJC_ARC = YES;
				CLANG_WARN_BLOCK_CAPTURE_AUTORELEASING = YES;
				CLANG_WARN_BOOL_CONVERSION = YES;
				CLANG_WARN_COMMA = YES;
				CLANG_WARN_CONSTANT_CONVERSION = YES;
				CLANG_WARN_DIRECT_OBJC_ISA_USAGE = YES_ERROR;
				CLANG_WARN_DOCUMENTATION_COMMENTS = YES;
				CLANG_WARN_EMPTY_BODY = YES;
				CLANG_WARN_ENUM_CONVERSION = YES;
				CLANG_WARN_INFINITE_RECURSION = YES;
				CLANG_WARN_INT_CONVERSION = YES;
				CLANG_WARN_NON_LITERAL_NULL_CONVERSION = YES;
				CLANG_WARN_OBJC_LITERAL_CONVERSION = YES;
				CLANG_WARN_OBJC_ROOT_CLASS = YES_ERROR;
				CLANG_WARN_RANGE_LOOP_ANALYSIS = YES;
				CLANG_WARN_STRICT_PROTOTYPES = YES;
				CLANG_WARN_SUSPICIOUS_MOVE = YES;
				CLANG_WARN_UNGUARDED_AVAILABILITY = YES_AGGRESSIVE;
				CLANG_WARN_UNREACHABLE_CODE = YES;
				CLANG_WARN__DUPLICATE_METHOD_MATCH = YES;
				CODE_SIGN_IDENTITY = "iPhone Developer";
				COPY_PHASE_STRIP = NO;
				DEBUG_INFORMATION_FORMAT = "dwarf-with-dsym";
				ENABLE_NS_ASSERTIONS = NO;
				ENABLE_STRICT_OBJC_MSGSEND = YES;
				GCC_C_LANGUAGE_STANDARD = gnu11;
				GCC_NO_COMMON_BLOCKS = YES;
				GCC_WARN_64_TO_32_BIT_CONVERSION = YES;
				GCC_WARN_ABOUT_RETURN_TYPE = YES_ERROR;
				GCC_WARN_UNDECLARED_SELECTOR = YES;
				GCC_WARN_UNINITIALIZED_AUTOS = YES_AGGRESSIVE;
				GCC_WARN_UNUSED_FUNCTION = YES;
				GCC_WARN_UNUSED_VARIABLE = YES;
				IPHONEOS_DEPLOYMENT_TARGET = 11.1;
				MTL_ENABLE_DEBUG_INFO = NO;
				SDKROOT = iphoneos;
				SWIFT_OPTIMIZATION_LEVEL = "-Owholemodule";
				VALIDATE_PRODUCT = YES;
			};
			name = Release;
		};
		02066A151FCE5E49000851C8 /* Debug */ = {
			isa = XCBuildConfiguration;
			baseConfigurationReference = A194D9B082A76141A106B61A /* Pods-Personal Portfolio App.debug.xcconfig */;
			buildSettings = {
				ASSETCATALOG_COMPILER_APPICON_NAME = AppIcon;
				CODE_SIGN_STYLE = Automatic;
				DEVELOPMENT_TEAM = 9UX9VQ3FRS;
				INFOPLIST_FILE = "Personal Portfolio App/Info.plist";
				LD_RUNPATH_SEARCH_PATHS = "$(inherited) @executable_path/Frameworks";
				PRODUCT_BUNDLE_IDENTIFIER = "com.K-Gold.Personal-Portfolio-App";
				PRODUCT_NAME = "$(TARGET_NAME)";
				SWIFT_VERSION = 4.0;
				TARGETED_DEVICE_FAMILY = "1,2";
			};
			name = Debug;
		};
		02066A161FCE5E49000851C8 /* Release */ = {
			isa = XCBuildConfiguration;
			baseConfigurationReference = 99D2BF6775B5D7BEC34B3B38 /* Pods-Personal Portfolio App.release.xcconfig */;
			buildSettings = {
				ASSETCATALOG_COMPILER_APPICON_NAME = AppIcon;
				CODE_SIGN_STYLE = Automatic;
				DEVELOPMENT_TEAM = 9UX9VQ3FRS;
				INFOPLIST_FILE = "Personal Portfolio App/Info.plist";
				LD_RUNPATH_SEARCH_PATHS = "$(inherited) @executable_path/Frameworks";
				PRODUCT_BUNDLE_IDENTIFIER = "com.K-Gold.Personal-Portfolio-App";
				PRODUCT_NAME = "$(TARGET_NAME)";
				SWIFT_VERSION = 4.0;
				TARGETED_DEVICE_FAMILY = "1,2";
			};
			name = Release;
		};
/* End XCBuildConfiguration section */

/* Begin XCConfigurationList section */
		020669FD1FCE5E48000851C8 /* Build configuration list for PBXProject "Personal Portfolio App" */ = {
			isa = XCConfigurationList;
			buildConfigurations = (
				02066A121FCE5E49000851C8 /* Debug */,
				02066A131FCE5E49000851C8 /* Release */,
			);
			defaultConfigurationIsVisible = 0;
			defaultConfigurationName = Release;
		};
		02066A141FCE5E49000851C8 /* Build configuration list for PBXNativeTarget "Personal Portfolio App" */ = {
			isa = XCConfigurationList;
			buildConfigurations = (
				02066A151FCE5E49000851C8 /* Debug */,
				02066A161FCE5E49000851C8 /* Release */,
			);
			defaultConfigurationIsVisible = 0;
			defaultConfigurationName = Release;
		};
/* End XCConfigurationList section */
	};
	rootObject = 020669FA1FCE5E48000851C8 /* Project object */;
}
